# This file is automatically @generated by Cargo.
# It is not intended for manual editing.
version = 4

[[package]]
name = "fastrand"
version = "2.5.0"
source = "registry+https://github.com/rust-lang/crates.io-index"
checksum = "da7c62ceae207dd37ea5b845da6a0696c799f85e97da1ab5b7910be3c1c80223"

[[package]]
name = "fastrand-contrib"
version = "0.1.0"
source = "registry+https://github.com/rust-lang/crates.io-index"
checksum = "fb6c045880cda8f657f4859baf534963ff0595e2dcce0de5f52dcdf3076c290b"
dependencies = [
 "fastrand",
]

[[package]]
name = "ray_tracing"
version = "0.1.0"
dependencies = [
 "fastrand-contrib",
]
